
Microsoft Visual Studio Solution File, Format Version 12.00
# Visual Studio 15
VisualStudioVersion = 15.0.28010.2016
MinimumVisualStudioVersion = 10.0.40219.1
Project("{FAE04EC0-301F-11D3-BF4B-00C04F79EFBC}") = "Jeu de la roulette", "Jeu de la roulette\Jeu de la roulette.csproj", "{C6575489-FD1C-414C-B265-E7ED657FC321}"
EndProject
Global
	GlobalSection(SolutionConfigurationPlatforms) = preSolution
		Debug|Any CPU = Debug|Any CPU
		Release|Any CPU = Release|Any CPU
	EndGlobalSection
	GlobalSection(ProjectConfigurationPlatforms) = postSolution
		{C6575489-FD1C-414C-B265-E7ED657FC321}.Debug|Any CPU.ActiveCfg = Debug|Any CPU
		{C6575489-FD1C-414C-B265-E7ED657FC321}.Debug|Any CPU.Build.0 = Debug|Any CPU
		{C6575489-FD1C-414C-B265-E7ED657FC321}.Release|Any CPU.ActiveCfg = Release|Any CPU
		{C6575489-FD1C-414C-B265-E7ED657FC321}.Release|Any CPU.Build.0 = Release|Any CPU
	EndGlobalSection
	GlobalSection(SolutionProperties) = preSolution
		HideSolutionNode = FALSE
	EndGlobalSection
	GlobalSection(ExtensibilityGlobals) = postSolution
		SolutionGuid = {7DC7289D-D361-4B59-950F-3F307B528C40}
	EndGlobalSection
EndGlobal
